PODS:
  - React (0.8.0):
    - React/Core (= 0.8.0)
  - React/ART (0.8.0):
    - React/Core
  - React/Core (0.8.0)
  - React/RCTActionSheet (0.8.0):
    - React/Core
  - React/RCTAdSupport (0.8.0):
    - React/Core
  - React/RCTAnimationExperimental (0.8.0):
    - React/Core
  - React/RCTGeolocation (0.8.0):
    - React/Core
  - React/RCTImage (0.8.0):
    - React/Core
  - React/RCTNetwork (0.8.0):
    - React/Core
  - React/RCTPushNotification (0.8.0):
    - React/Core
  - React/RCTSettings (0.8.0):
    - React/Core
  - React/RCTText (0.8.0):
    - React/Core
  - React/RCTVibration (0.8.0):
    - React/Core
  - React/RCTWebSocket (0.8.0):
    - React/Core
  - SnapKit (0.12.0)

DEPENDENCIES:
  - React (from `https://github.com/yusefnapora/react-native`, commit `f38f6ecebd3e2983b1be62b57c4900e6a170ff4f`)
  - React/ART (from `https://github.com/yusefnapora/react-native`, commit `f38f6ecebd3e2983b1be62b57c4900e6a170ff4f`)
  - React/RCTActionSheet (from `https://github.com/yusefnapora/react-native`, commit
    `f38f6ecebd3e2983b1be62b57c4900e6a170ff4f`)
  - React/RCTAdSupport (from `https://github.com/yusefnapora/react-native`, commit
    `f38f6ecebd3e2983b1be62b57c4900e6a170ff4f`)
  - React/RCTAnimationExperimental (from `https://github.com/yusefnapora/react-native`,
    commit `f38f6ecebd3e2983b1be62b57c4900e6a170ff4f`)
  - React/RCTGeolocation (from `https://github.com/yusefnapora/react-native`, commit
    `f38f6ecebd3e2983b1be62b57c4900e6a170ff4f`)
  - React/RCTImage (from `https://github.com/yusefnapora/react-native`, commit `f38f6ecebd3e2983b1be62b57c4900e6a170ff4f`)
  - React/RCTNetwork (from `https://github.com/yusefnapora/react-native`, commit `f38f6ecebd3e2983b1be62b57c4900e6a170ff4f`)
  - React/RCTPushNotification (from `https://github.com/yusefnapora/react-native`,
    commit `f38f6ecebd3e2983b1be62b57c4900e6a170ff4f`)
  - React/RCTSettings (from `https://github.com/yusefnapora/react-native`, commit
    `f38f6ecebd3e2983b1be62b57c4900e6a170ff4f`)
  - React/RCTText (from `https://github.com/yusefnapora/react-native`, commit `f38f6ecebd3e2983b1be62b57c4900e6a170ff4f`)
  - React/RCTVibration (from `https://github.com/yusefnapora/react-native`, commit
    `f38f6ecebd3e2983b1be62b57c4900e6a170ff4f`)
  - React/RCTWebSocket (from `https://github.com/yusefnapora/react-native`, commit
    `f38f6ecebd3e2983b1be62b57c4900e6a170ff4f`)
  - SnapKit (~> 0.12.0)

EXTERNAL SOURCES:
  React:
    :commit: f38f6ecebd3e2983b1be62b57c4900e6a170ff4f
    :git: https://github.com/yusefnapora/react-native

CHECKOUT OPTIONS:
  React:
    :commit: f38f6ecebd3e2983b1be62b57c4900e6a170ff4f
    :git: https://github.com/yusefnapora/react-native

SPEC CHECKSUMS:
  React: 0971bde1f7f2e9b9d576119bc3c054c76d32c501
  SnapKit: 00c388aa3bf1944c1b55472f31e841f75bd83882

COCOAPODS: 0.37.2
